
Microsoft Visual Studio Solution File, Format Version 12.00
# Visual Studio Version 17
VisualStudioVersion = 17.10.35122.118
MinimumVisualStudioVersion = 10.0.40219.1
Project("{9A19103F-16F7-4668-BE54-9A1E7A4F7556}") = "01_ConnectedMode", "01_ConnectedMode\01_ConnectedMode.csproj", "{1A065AE6-6290-43E8-826C-E28264EAE979}"
EndProject
Project("{9A19103F-16F7-4668-BE54-9A1E7A4F7556}") = "02_CRUD_Interface", "02_CRUD_Interface\02_CRUD_Interface.csproj", "{3E2D3C62-436C-41EA-BD67-BCFA0CC781AC}"
EndProject
Project("{9A19103F-16F7-4668-BE54-9A1E7A4F7556}") = "03_SportShopUA", "03_SportShopUA\03_SportShopUA.csproj", "{CCA73DDA-3976-4B83-8970-565C8065F058}"
EndProject
Project("{9A19103F-16F7-4668-BE54-9A1E7A4F7556}") = "03_data_access", "03_data_access\03_data_access.csproj", "{87F0ABBF-DA9F-4069-BE9A-DBB477A8AD95}"
EndProject
Project("{FAE04EC0-301F-11D3-BF4B-00C04F79EFBC}") = "04_LinqToSQL", "04_LinqToSQL\04_LinqToSQL.csproj", "{9CF05F9B-998A-4DC6-80FE-90D04B577621}"
EndProject
Project("{9A19103F-16F7-4668-BE54-9A1E7A4F7556}") = "05_IntroToEF", "05_IntroToEF\05_IntroToEF.csproj", "{C890624B-E0C2-43F4-8B0A-E42B4A5E2E34}"
EndProject
Project("{FAE04EC0-301F-11D3-BF4B-00C04F79EFBC}") = "07_AirportDataAccess", "07_AirportDataAccess\07_AirportDataAccess.csproj", "{6910C95C-37CC-41D2-BB34-CB459A93029F}"
EndProject
Global
	GlobalSection(SolutionConfigurationPlatforms) = preSolution
		Debug|Any CPU = Debug|Any CPU
		Release|Any CPU = Release|Any CPU
	EndGlobalSection
	GlobalSection(ProjectConfigurationPlatforms) = postSolution
		{1A065AE6-6290-43E8-826C-E28264EAE979}.Debug|Any CPU.ActiveCfg = Debug|Any CPU
		{1A065AE6-6290-43E8-826C-E28264EAE979}.Debug|Any CPU.Build.0 = Debug|Any CPU
		{1A065AE6-6290-43E8-826C-E28264EAE979}.Release|Any CPU.ActiveCfg = Release|Any CPU
		{1A065AE6-6290-43E8-826C-E28264EAE979}.Release|Any CPU.Build.0 = Release|Any CPU
		{3E2D3C62-436C-41EA-BD67-BCFA0CC781AC}.Debug|Any CPU.ActiveCfg = Debug|Any CPU
		{3E2D3C62-436C-41EA-BD67-BCFA0CC781AC}.Debug|Any CPU.Build.0 = Debug|Any CPU
		{3E2D3C62-436C-41EA-BD67-BCFA0CC781AC}.Release|Any CPU.ActiveCfg = Release|Any CPU
		{3E2D3C62-436C-41EA-BD67-BCFA0CC781AC}.Release|Any CPU.Build.0 = Release|Any CPU
		{CCA73DDA-3976-4B83-8970-565C8065F058}.Debug|Any CPU.ActiveCfg = Debug|Any CPU
		{CCA73DDA-3976-4B83-8970-565C8065F058}.Debug|Any CPU.Build.0 = Debug|Any CPU
		{CCA73DDA-3976-4B83-8970-565C8065F058}.Release|Any CPU.ActiveCfg = Release|Any CPU
		{CCA73DDA-3976-4B83-8970-565C8065F058}.Release|Any CPU.Build.0 = Release|Any CPU
		{87F0ABBF-DA9F-4069-BE9A-DBB477A8AD95}.Debug|Any CPU.ActiveCfg = Debug|Any CPU
		{87F0ABBF-DA9F-4069-BE9A-DBB477A8AD95}.Debug|Any CPU.Build.0 = Debug|Any CPU
		{87F0ABBF-DA9F-4069-BE9A-DBB477A8AD95}.Release|Any CPU.ActiveCfg = Release|Any CPU
		{87F0ABBF-DA9F-4069-BE9A-DBB477A8AD95}.Release|Any CPU.Build.0 = Release|Any CPU
		{9CF05F9B-998A-4DC6-80FE-90D04B577621}.Debug|Any CPU.ActiveCfg = Debug|Any CPU
		{9CF05F9B-998A-4DC6-80FE-90D04B577621}.Debug|Any CPU.Build.0 = Debug|Any CPU
		{9CF05F9B-998A-4DC6-80FE-90D04B577621}.Release|Any CPU.ActiveCfg = Release|Any CPU
		{9CF05F9B-998A-4DC6-80FE-90D04B577621}.Release|Any CPU.Build.0 = Release|Any CPU
		{C890624B-E0C2-43F4-8B0A-E42B4A5E2E34}.Debug|Any CPU.ActiveCfg = Debug|Any CPU
		{C890624B-E0C2-43F4-8B0A-E42B4A5E2E34}.Debug|Any CPU.Build.0 = Debug|Any CPU
		{C890624B-E0C2-43F4-8B0A-E42B4A5E2E34}.Release|Any CPU.ActiveCfg = Release|Any CPU
		{C890624B-E0C2-43F4-8B0A-E42B4A5E2E34}.Release|Any CPU.Build.0 = Release|Any CPU
		{6910C95C-37CC-41D2-BB34-CB459A93029F}.Debug|Any CPU.ActiveCfg = Debug|Any CPU
		{6910C95C-37CC-41D2-BB34-CB459A93029F}.Debug|Any CPU.Build.0 = Debug|Any CPU
		{6910C95C-37CC-41D2-BB34-CB459A93029F}.Release|Any CPU.ActiveCfg = Release|Any CPU
		{6910C95C-37CC-41D2-BB34-CB459A93029F}.Release|Any CPU.Build.0 = Release|Any CPU
	EndGlobalSection
	GlobalSection(SolutionProperties) = preSolution
		HideSolutionNode = FALSE
	EndGlobalSection
	GlobalSection(ExtensibilityGlobals) = postSolution
		SolutionGuid = {CD780CB7-46D7-4040-B37D-E56ACB9A2E99}
	EndGlobalSection
EndGlobal
